
Microsoft Visual Studio Solution File, Format Version 12.00
# Visual Studio Version 17
VisualStudioVersion = 17.11.35327.3
MinimumVisualStudioVersion = 10.0.40219.1
Project("{FAE04EC0-301F-11D3-BF4B-00C04F79EFBC}") = "SwiftStock(Redo)", "SwiftStock(Redo)\SwiftStock(Redo).csproj", "{70976ED9-585F-40D5-A10C-B440C1AB5E10}"
EndProject
Global
	GlobalSection(SolutionConfigurationPlatforms) = preSolution
		Debug|Any CPU = Debug|Any CPU
		Release|Any CPU = Release|Any CPU
	EndGlobalSection
	GlobalSection(ProjectConfigurationPlatforms) = postSolution
		{70976ED9-585F-40D5-A10C-B440C1AB5E10}.Debug|Any CPU.ActiveCfg = Debug|Any CPU
		{70976ED9-585F-40D5-A10C-B440C1AB5E10}.Debug|Any CPU.Build.0 = Debug|Any CPU
		{70976ED9-585F-40D5-A10C-B440C1AB5E10}.Release|Any CPU.ActiveCfg = Release|Any CPU
		{70976ED9-585F-40D5-A10C-B440C1AB5E10}.Release|Any CPU.Build.0 = Release|Any CPU
	EndGlobalSection
	GlobalSection(SolutionProperties) = preSolution
		HideSolutionNode = FALSE
	EndGlobalSection
	GlobalSection(ExtensibilityGlobals) = postSolution
		SolutionGuid = {31CF1422-5EB4-46FD-9320-A13CBAE09E75}
	EndGlobalSection
EndGlobal
